
Microsoft Visual Studio Solution File, Format Version 12.00
# Visual Studio Version 17
VisualStudioVersion = 17.4.33110.190
MinimumVisualStudioVersion = 10.0.40219.1
Project("{FAE04EC0-301F-11D3-BF4B-00C04F79EFBC}") = "ProjetoFinal", "ProjetoFinal\ProjetoFinal.csproj", "{1E81C6FC-39A7-47EA-8E9F-943D9E9C1BB9}"
EndProject
Global
	GlobalSection(SolutionConfigurationPlatforms) = preSolution
		Debug|Any CPU = Debug|Any CPU
		Release|Any CPU = Release|Any CPU
	EndGlobalSection
	GlobalSection(ProjectConfigurationPlatforms) = postSolution
		{1E81C6FC-39A7-47EA-8E9F-943D9E9C1BB9}.Debug|Any CPU.ActiveCfg = Debug|Any CPU
		{1E81C6FC-39A7-47EA-8E9F-943D9E9C1BB9}.Debug|Any CPU.Build.0 = Debug|Any CPU
		{1E81C6FC-39A7-47EA-8E9F-943D9E9C1BB9}.Release|Any CPU.ActiveCfg = Release|Any CPU
		{1E81C6FC-39A7-47EA-8E9F-943D9E9C1BB9}.Release|Any CPU.Build.0 = Release|Any CPU
	EndGlobalSection
	GlobalSection(SolutionProperties) = preSolution
		HideSolutionNode = FALSE
	EndGlobalSection
	GlobalSection(ExtensibilityGlobals) = postSolution
		SolutionGuid = {0AFE3D0D-9950-40FE-9C6F-AB18B2D56492}
	EndGlobalSection
EndGlobal
